
Microsoft Visual Studio Solution File, Format Version 10.00
# Visual Studio 2008
Project("{F184B08F-C81C-45F6-A57F-5ABD9991F28F}") = "eNot", "eNot\eNot.vbproj", "{241E52B8-EF6C-41E3-994F-E0F4868E7AB2}"
EndProject
Global
	GlobalSection(SolutionConfigurationPlatforms) = preSolution
		Debug|Any CPU = Debug|Any CPU
		Release|Any CPU = Release|Any CPU
	EndGlobalSection
	GlobalSection(ProjectConfigurationPlatforms) = postSolution
		{241E52B8-EF6C-41E3-994F-E0F4868E7AB2}.Debug|Any CPU.ActiveCfg = Debug|Any CPU
		{241E52B8-EF6C-41E3-994F-E0F4868E7AB2}.Debug|Any CPU.Build.0 = Debug|Any CPU
		{241E52B8-EF6C-41E3-994F-E0F4868E7AB2}.Release|Any CPU.ActiveCfg = Release|Any CPU
		{241E52B8-EF6C-41E3-994F-E0F4868E7AB2}.Release|Any CPU.Build.0 = Release|Any CPU
	EndGlobalSection
	GlobalSection(SolutionProperties) = preSolution
		HideSolutionNode = FALSE
	EndGlobalSection
EndGlobal
